<?xml version="1.0" encoding="utf-8"?>
<Project ToolsVersion="4.0" xmlns="http://schemas.microsoft.com/developer/msbuild/2003">
  <ItemGroup>
    <Filter Include="Tyrone4-core">
      <UniqueIdentifier>{30E5AE1F-1C48-3EC4-C5CD-767AB10F0A47}</UniqueIdentifier>
    </Filter>
    <Filter Include="Tyrone4-math">
      <UniqueIdentifier>{B125B41F-9D88-43C4-460E-7C7A32500F47}</UniqueIdentifier>
    </Filter>
  </ItemGroup>
  <ItemGroup>
    <ClInclude Include="src\Tyrone4-core\Application.h">
      <Filter>Tyrone4-core</Filter>
    </ClInclude>
    <ClInclude Include="src\Tyrone4-core\Core.h">
      <Filter>Tyrone4-core</Filter>
    </ClInclude>
    <ClInclude Include="src\Tyrone4-core\EntryPoint.h">
      <Filter>Tyrone4-core</Filter>
    </ClInclude>
    <ClInclude Include="src\Tyrone4-core\Log.h">
      <Filter>Tyrone4-core</Filter>
    </ClInclude>
    <ClInclude Include="src\Tyrone4-math\Matrix.h">
      <Filter>Tyrone4-math</Filter>
    </ClInclude>
    <ClInclude Include="src\Tyrone4.h" />
  </ItemGroup>
  <ItemGroup>
    <ClCompile Include="src\Tyrone4-core\Application.cpp">
      <Filter>Tyrone4-core</Filter>
    </ClCompile>
    <ClCompile Include="src\Tyrone4-core\Log.cpp">
      <Filter>Tyrone4-core</Filter>
    </ClCompile>
    <ClCompile Include="src\Tyrone4-math\Matrix.cpp">
      <Filter>Tyrone4-math</Filter>
    </ClCompile>
  </ItemGroup>
</Project>